
Microsoft Visual Studio Solution File, Format Version 12.00
# Visual Studio Version 17
VisualStudioVersion = 17.1.32421.90
MinimumVisualStudioVersion = 10.0.40219.1
Project("{9A19103F-16F7-4668-BE54-9A1E7A4F7556}") = "AniSpace", "AniSpace\AniSpace.csproj", "{493DC676-749F-4A49-B90F-FF631A4A266D}"
EndProject
Project("{2150E333-8FDC-42A3-9474-1A3956D46DE8}") = "Tests", "Tests", "{42231DCE-BCD9-4FC9-8BB5-EC08ADA8563E}"
EndProject
Project("{2150E333-8FDC-42A3-9474-1A3956D46DE8}") = "Unit Tests", "Unit Tests", "{93B162F4-EC0E-4F6E-8E4E-94EE66BB4B9B}"
EndProject
Project("{2150E333-8FDC-42A3-9474-1A3956D46DE8}") = "Integration Tests", "Integration Tests", "{A0442E9A-BB00-4132-9988-AD9653DE83ED}"
EndProject
Project("{9A19103F-16F7-4668-BE54-9A1E7A4F7556}") = "AniMangTests", "AniMangTests\AniMangTests.csproj", "{573AA317-430D-4848-98D5-4CB3D33DA8C9}"
EndProject
Project("{9A19103F-16F7-4668-BE54-9A1E7A4F7556}") = "ShikimoriTests", "ShikimoriTests\ShikimoriTests.csproj", "{E1670D5A-77F9-4BB4-8505-1FCA00F4BFC4}"
EndProject
Project("{9A19103F-16F7-4668-BE54-9A1E7A4F7556}") = "DateBaseTests", "DateBaseTests\DateBaseTests.csproj", "{505F7341-E9C5-49C4-BF61-EFADFF630C73}"
EndProject
Project("{FAE04EC0-301F-11D3-BF4B-00C04F79EFBC}") = "AnimeGoTests", "AnimeGoTests\AnimeGoTests.csproj", "{F8BE34C5-2A71-4857-91F1-E0D53380DD32}"
EndProject
Global
	GlobalSection(SolutionConfigurationPlatforms) = preSolution
		Debug|Any CPU = Debug|Any CPU
		Release|Any CPU = Release|Any CPU
	EndGlobalSection
	GlobalSection(ProjectConfigurationPlatforms) = postSolution
		{493DC676-749F-4A49-B90F-FF631A4A266D}.Debug|Any CPU.ActiveCfg = Debug|Any CPU
		{493DC676-749F-4A49-B90F-FF631A4A266D}.Debug|Any CPU.Build.0 = Debug|Any CPU
		{493DC676-749F-4A49-B90F-FF631A4A266D}.Release|Any CPU.ActiveCfg = Release|Any CPU
		{493DC676-749F-4A49-B90F-FF631A4A266D}.Release|Any CPU.Build.0 = Release|Any CPU
		{573AA317-430D-4848-98D5-4CB3D33DA8C9}.Debug|Any CPU.ActiveCfg = Debug|Any CPU
		{573AA317-430D-4848-98D5-4CB3D33DA8C9}.Debug|Any CPU.Build.0 = Debug|Any CPU
		{573AA317-430D-4848-98D5-4CB3D33DA8C9}.Release|Any CPU.ActiveCfg = Release|Any CPU
		{573AA317-430D-4848-98D5-4CB3D33DA8C9}.Release|Any CPU.Build.0 = Release|Any CPU
		{E1670D5A-77F9-4BB4-8505-1FCA00F4BFC4}.Debug|Any CPU.ActiveCfg = Debug|Any CPU
		{E1670D5A-77F9-4BB4-8505-1FCA00F4BFC4}.Debug|Any CPU.Build.0 = Debug|Any CPU
		{E1670D5A-77F9-4BB4-8505-1FCA00F4BFC4}.Release|Any CPU.ActiveCfg = Release|Any CPU
		{E1670D5A-77F9-4BB4-8505-1FCA00F4BFC4}.Release|Any CPU.Build.0 = Release|Any CPU
		{505F7341-E9C5-49C4-BF61-EFADFF630C73}.Debug|Any CPU.ActiveCfg = Debug|Any CPU
		{505F7341-E9C5-49C4-BF61-EFADFF630C73}.Debug|Any CPU.Build.0 = Debug|Any CPU
		{505F7341-E9C5-49C4-BF61-EFADFF630C73}.Release|Any CPU.ActiveCfg = Release|Any CPU
		{505F7341-E9C5-49C4-BF61-EFADFF630C73}.Release|Any CPU.Build.0 = Release|Any CPU
		{F8BE34C5-2A71-4857-91F1-E0D53380DD32}.Debug|Any CPU.ActiveCfg = Debug|Any CPU
		{F8BE34C5-2A71-4857-91F1-E0D53380DD32}.Debug|Any CPU.Build.0 = Debug|Any CPU
		{F8BE34C5-2A71-4857-91F1-E0D53380DD32}.Release|Any CPU.ActiveCfg = Release|Any CPU
		{F8BE34C5-2A71-4857-91F1-E0D53380DD32}.Release|Any CPU.Build.0 = Release|Any CPU
	EndGlobalSection
	GlobalSection(SolutionProperties) = preSolution
		HideSolutionNode = FALSE
	EndGlobalSection
	GlobalSection(NestedProjects) = preSolution
		{93B162F4-EC0E-4F6E-8E4E-94EE66BB4B9B} = {42231DCE-BCD9-4FC9-8BB5-EC08ADA8563E}
		{A0442E9A-BB00-4132-9988-AD9653DE83ED} = {42231DCE-BCD9-4FC9-8BB5-EC08ADA8563E}
		{573AA317-430D-4848-98D5-4CB3D33DA8C9} = {93B162F4-EC0E-4F6E-8E4E-94EE66BB4B9B}
		{E1670D5A-77F9-4BB4-8505-1FCA00F4BFC4} = {93B162F4-EC0E-4F6E-8E4E-94EE66BB4B9B}
		{505F7341-E9C5-49C4-BF61-EFADFF630C73} = {93B162F4-EC0E-4F6E-8E4E-94EE66BB4B9B}
		{F8BE34C5-2A71-4857-91F1-E0D53380DD32} = {93B162F4-EC0E-4F6E-8E4E-94EE66BB4B9B}
	EndGlobalSection
	GlobalSection(ExtensibilityGlobals) = postSolution
		SolutionGuid = {B315F4D3-B7CB-4DD3-9A1F-97A13FC58226}
	EndGlobalSection
EndGlobal
